github.com/JessonChan/canlog v0.0.0-20200221095522-31177b1ce6c0 h1:KN9h7S7XTdWdDSsI0YpuTQcquAE7BEX57cMR0gY1Chc=
github.com/JessonChan/canlog v0.0.0-20200221095522-31177b1ce6c0/go.mod h1:HqRDLcyEKVzIBznqSOmJjnaF+gHsOFBKA7iaTID4fXA=
github.com/JessonChan/canlog v0.0.0-20200304145432-b1013a9ba390 h1:ownmwuTk68I4lwaMZ8y3CuXjp9QesuTL+OhSN5tRATo=
github.com/JessonChan/canlog v0.0.0-20200304145432-b1013a9ba390/go.mod h1:HqRDLcyEKVzIBznqSOmJjnaF+gHsOFBKA7iaTID4fXA=
github.com/JessonChan/canlog v0.0.0-20200310152110-634949267f02/go.mod h1:HqRDLcyEKVzIBznqSOmJjnaF+gHsOFBKA7iaTID4fXA=
github.com/JessonChan/canlog v0.0.0-20200310152420-9bbb02113e41 h1:lORXYUxaRC71ecO076VobEXyXZItdi7msD9q8Jvs8PY=
github.com/JessonChan/canlog v0.0.0-20200310152420-9bbb02113e41/go.mod h1:HqRDLcyEKVzIBznqSOmJjnaF+gHsOFBKA7iaTID4fXA=
github.com/JessonChan/jsun v0.0.0-20200206041800-028ef18516bd h1:cSaQMcv6bYdcVhFBXLiohVbumMTenXZwXLONb/axwio=
github.com/JessonChan/jsun v0.0.0-20200206041800-028ef18516bd/go.mod h1:OK2/qpG2dVcQtCwB2KXhwGMbbIv+8TR85n1NKveRh9Y=
github.com/JessonChan/yorm v0.0.0-20200308083415-8df69993bd81 h1:pQzoVrCM/xoY6vI9mQkfL122Phgyvq4eN8zelnfHaVk=
github.com/JessonChan/yorm v0.0.0-20200308083415-8df69993bd81/go.mod h1:TMPKAdn5OwM3BwrZgv24ngTXbtftOr4p7TRrj9JrlQg=
github.com/go-sql-driver/mysql v1.5.0 h1:ozyZYNQW3x3HtqT1jira07DN2PArx2v7/mN66gGcHOs=
github.com/go-sql-driver/mysql v1.5.0/go.mod h1:DCzpHaOWr8IXmIStZouvnhqoel9Qv2LBy8hT2VhHyBg=
github.com/gorilla/securecookie v1.1.1 h1:miw7JPhV+b/lAHSXz4qd/nN9jRiAFV5FwjeKyCS8BvQ=
github.com/gorilla/securecookie v1.1.1/go.mod h1:ra0sb63/xPlUeL+yeDciTfxMRAA+MP+HVt/4epWDjd4=
github.com/gorilla/sessions v1.2.0 h1:S7P+1Hm5V/AT9cjEcUD5uDaQSX0OE577aCXgoaKpYbQ=
github.com/gorilla/sessions v1.2.0/go.mod h1:dk2InVEVJ0sfLlnXv9EAgkf6ecYs/i80K/zI+bUmuGM=
