github.com/JessonChan/canlog v0.0.0-20200220002605-cc8fe3319dfd h1:8pfU5DKLExm86StRX3A6OX10vUcZP5beHYSeNQw1Ifo=
github.com/JessonChan/canlog v0.0.0-20200220002605-cc8fe3319dfd/go.mod h1:HqRDLcyEKVzIBznqSOmJjnaF+gHsOFBKA7iaTID4fXA=
github.com/JessonChan/jsun v0.0.0-20200206041800-028ef18516bd h1:cSaQMcv6bYdcVhFBXLiohVbumMTenXZwXLONb/axwio=
github.com/JessonChan/jsun v0.0.0-20200206041800-028ef18516bd/go.mod h1:OK2/qpG2dVcQtCwB2KXhwGMbbIv+8TR85n1NKveRh9Y=
github.com/JessonChan/yorm v0.0.0-20150721080242-58615d853811 h1:EgoeZANsxx/Tpj5H7DqFH9n+NwYaRcdKmj41uuZj4Zs=
github.com/JessonChan/yorm v0.0.0-20150721080242-58615d853811/go.mod h1:mv9OcCgGBtcpopynJuuZ2QHBRn8TQU02FCugF+nd3js=
github.com/go-sql-driver/mysql v1.5.0 h1:ozyZYNQW3x3HtqT1jira07DN2PArx2v7/mN66gGcHOs=
github.com/go-sql-driver/mysql v1.5.0/go.mod h1:DCzpHaOWr8IXmIStZouvnhqoel9Qv2LBy8hT2VhHyBg=
github.com/gorilla/mux v1.7.3 h1:gnP5JzjVOuiZD07fKKToCAOjS0yOpj/qPETTXCCS6hw=
github.com/gorilla/mux v1.7.3/go.mod h1:1lud6UwP+6orDFRuTfBEV8e9/aOM/c4fVVCaMa2zaAs=
github.com/gorilla/schema v1.1.0 h1:CamqUDOFUBqzrvxuz2vEwo8+SUdwsluFh7IlzJh30LY=
github.com/gorilla/schema v1.1.0/go.mod h1:kgLaKoK1FELgZqMAVxx/5cbj0kT+57qxUrAlIO2eleU=
github.com/gorilla/securecookie v1.1.1 h1:miw7JPhV+b/lAHSXz4qd/nN9jRiAFV5FwjeKyCS8BvQ=
github.com/gorilla/securecookie v1.1.1/go.mod h1:ra0sb63/xPlUeL+yeDciTfxMRAA+MP+HVt/4epWDjd4=
github.com/gorilla/sessions v1.2.0 h1:S7P+1Hm5V/AT9cjEcUD5uDaQSX0OE577aCXgoaKpYbQ=
github.com/gorilla/sessions v1.2.0/go.mod h1:dk2InVEVJ0sfLlnXv9EAgkf6ecYs/i80K/zI+bUmuGM=
